Microsoft Visual Studio Solution File, Format Version 12.00
# Visual Studio Version 17
VisualStudioVersion = 17.5.2.0
MinimumVisualStudioVersion = 10.0.40219.1
Project("{FAE04EC0-301F-11D3-BF4B-00C04F79EFBC}") = "UsersData", "UsersData.csproj", "{B0C09259-53F7-B4AB-7966-850B5F3C8F4A}"
EndProject
Global
	GlobalSection(SolutionConfigurationPlatforms) = preSolution
		Debug|Any CPU = Debug|Any CPU
		Release|Any CPU = Release|Any CPU
	EndGlobalSection
	GlobalSection(ProjectConfigurationPlatforms) = postSolution
		{B0C09259-53F7-B4AB-7966-850B5F3C8F4A}.Debug|Any CPU.ActiveCfg = Debug|Any CPU
		{B0C09259-53F7-B4AB-7966-850B5F3C8F4A}.Debug|Any CPU.Build.0 = Debug|Any CPU
		{B0C09259-53F7-B4AB-7966-850B5F3C8F4A}.Release|Any CPU.ActiveCfg = Release|Any CPU
		{B0C09259-53F7-B4AB-7966-850B5F3C8F4A}.Release|Any CPU.Build.0 = Release|Any CPU
	EndGlobalSection
	GlobalSection(SolutionProperties) = preSolution
		HideSolutionNode = FALSE
	EndGlobalSection
	GlobalSection(ExtensibilityGlobals) = postSolution
		SolutionGuid = {421ABD11-877D-4603-95FE-26765FF4F62F}
	EndGlobalSection
EndGlobal
